
Microsoft Visual Studio Solution File, Format Version 12.00
# Visual Studio 2013
VisualStudioVersion = 12.0.21005.1
MinimumVisualStudioVersion = 10.0.40219.1
Project("{FAE04EC0-301F-11D3-BF4B-00C04F79EFBC}") = "WangYc.MVC", "WangYc.MVC\WangYc.MVC.csproj", "{FA910F6D-F022-454C-8253-C6A16C3E6555}"
EndProject
Project("{FAE04EC0-301F-11D3-BF4B-00C04F79EFBC}") = "WangYc.MVC.Tests", "WangYc.MVC.Tests\WangYc.MVC.Tests.csproj", "{8F7A1A76-F5FD-4EB0-A587-30609148B5FB}"
EndProject
Project("{FAE04EC0-301F-11D3-BF4B-00C04F79EFBC}") = "WangYc.Models", "WangYc.Models\WangYc.Models.csproj", "{14E8356F-F104-4661-9EA1-B2C8955DAAC7}"
EndProject
Project("{FAE04EC0-301F-11D3-BF4B-00C04F79EFBC}") = "WangYc.Controllers", "WangYc.Controllers\WangYc.Controllers.csproj", "{3FEC0A0C-9CAA-4E1C-80E2-4404C3718A77}"
EndProject
Project("{FAE04EC0-301F-11D3-BF4B-00C04F79EFBC}") = "WangYc.Repository.NHibernate", "WangYc.Repository.NHibernate\WangYc.Repository.NHibernate.csproj", "{D675BE4C-605E-4E32-B15A-2AFAA06F9401}"
EndProject
Project("{FAE04EC0-301F-11D3-BF4B-00C04F79EFBC}") = "WangYc.Services", "WangYc.Services\WangYc.Services.csproj", "{9CD52FA2-7914-4FED-B15F-F26A0478A34B}"
EndProject
Project("{FAE04EC0-301F-11D3-BF4B-00C04F79EFBC}") = "WangYc.Core.Infrastructure", "WangYc.Core.Infrastructure\WangYc.Core.Infrastructure.csproj", "{D30FDC93-07CC-4073-84B2-3F2BADEABAE2}"
EndProject
Project("{FAE04EC0-301F-11D3-BF4B-00C04F79EFBC}") = "WangYc.Models.Repository", "WangYc.Models.Repository\WangYc.Models.Repository.csproj", "{8F650B9C-6389-4904-B5EC-3E0FB17054EE}"
EndProject
Project("{FAE04EC0-301F-11D3-BF4B-00C04F79EFBC}") = "WangYc.Services.Tests", "WangYc.Services.Tests\WangYc.Services.Tests.csproj", "{DBB5B12C-A5A2-47EC-B0A8-EFC0FE88D2BD}"
EndProject
Global
	GlobalSection(SolutionConfigurationPlatforms) = preSolution
		Debug|Any CPU = Debug|Any CPU
		Release|Any CPU = Release|Any CPU
	EndGlobalSection
	GlobalSection(ProjectConfigurationPlatforms) = postSolution
		{FA910F6D-F022-454C-8253-C6A16C3E6555}.Debug|Any CPU.ActiveCfg = Debug|Any CPU
		{FA910F6D-F022-454C-8253-C6A16C3E6555}.Debug|Any CPU.Build.0 = Debug|Any CPU
		{FA910F6D-F022-454C-8253-C6A16C3E6555}.Release|Any CPU.ActiveCfg = Release|Any CPU
		{FA910F6D-F022-454C-8253-C6A16C3E6555}.Release|Any CPU.Build.0 = Release|Any CPU
		{8F7A1A76-F5FD-4EB0-A587-30609148B5FB}.Debug|Any CPU.ActiveCfg = Debug|Any CPU
		{8F7A1A76-F5FD-4EB0-A587-30609148B5FB}.Debug|Any CPU.Build.0 = Debug|Any CPU
		{8F7A1A76-F5FD-4EB0-A587-30609148B5FB}.Release|Any CPU.ActiveCfg = Release|Any CPU
		{8F7A1A76-F5FD-4EB0-A587-30609148B5FB}.Release|Any CPU.Build.0 = Release|Any CPU
		{14E8356F-F104-4661-9EA1-B2C8955DAAC7}.Debug|Any CPU.ActiveCfg = Debug|Any CPU
		{14E8356F-F104-4661-9EA1-B2C8955DAAC7}.Debug|Any CPU.Build.0 = Debug|Any CPU
		{14E8356F-F104-4661-9EA1-B2C8955DAAC7}.Release|Any CPU.ActiveCfg = Release|Any CPU
		{14E8356F-F104-4661-9EA1-B2C8955DAAC7}.Release|Any CPU.Build.0 = Release|Any CPU
		{3FEC0A0C-9CAA-4E1C-80E2-4404C3718A77}.Debug|Any CPU.ActiveCfg = Debug|Any CPU
		{3FEC0A0C-9CAA-4E1C-80E2-4404C3718A77}.Debug|Any CPU.Build.0 = Debug|Any CPU
		{3FEC0A0C-9CAA-4E1C-80E2-4404C3718A77}.Release|Any CPU.ActiveCfg = Release|Any CPU
		{3FEC0A0C-9CAA-4E1C-80E2-4404C3718A77}.Release|Any CPU.Build.0 = Release|Any CPU
		{D675BE4C-605E-4E32-B15A-2AFAA06F9401}.Debug|Any CPU.ActiveCfg = Debug|Any CPU
		{D675BE4C-605E-4E32-B15A-2AFAA06F9401}.Debug|Any CPU.Build.0 = Debug|Any CPU
		{D675BE4C-605E-4E32-B15A-2AFAA06F9401}.Release|Any CPU.ActiveCfg = Release|Any CPU
		{D675BE4C-605E-4E32-B15A-2AFAA06F9401}.Release|Any CPU.Build.0 = Release|Any CPU
		{9CD52FA2-7914-4FED-B15F-F26A0478A34B}.Debug|Any CPU.ActiveCfg = Debug|Any CPU
		{9CD52FA2-7914-4FED-B15F-F26A0478A34B}.Debug|Any CPU.Build.0 = Debug|Any CPU
		{9CD52FA2-7914-4FED-B15F-F26A0478A34B}.Release|Any CPU.ActiveCfg = Release|Any CPU
		{9CD52FA2-7914-4FED-B15F-F26A0478A34B}.Release|Any CPU.Build.0 = Release|Any CPU
		{D30FDC93-07CC-4073-84B2-3F2BADEABAE2}.Debug|Any CPU.ActiveCfg = Debug|Any CPU
		{D30FDC93-07CC-4073-84B2-3F2BADEABAE2}.Debug|Any CPU.Build.0 = Debug|Any CPU
		{D30FDC93-07CC-4073-84B2-3F2BADEABAE2}.Release|Any CPU.ActiveCfg = Release|Any CPU
		{D30FDC93-07CC-4073-84B2-3F2BADEABAE2}.Release|Any CPU.Build.0 = Release|Any CPU
		{8F650B9C-6389-4904-B5EC-3E0FB17054EE}.Debug|Any CPU.ActiveCfg = Debug|Any CPU
		{8F650B9C-6389-4904-B5EC-3E0FB17054EE}.Debug|Any CPU.Build.0 = Debug|Any CPU
		{8F650B9C-6389-4904-B5EC-3E0FB17054EE}.Release|Any CPU.ActiveCfg = Release|Any CPU
		{8F650B9C-6389-4904-B5EC-3E0FB17054EE}.Release|Any CPU.Build.0 = Release|Any CPU
		{DBB5B12C-A5A2-47EC-B0A8-EFC0FE88D2BD}.Debug|Any CPU.ActiveCfg = Debug|Any CPU
		{DBB5B12C-A5A2-47EC-B0A8-EFC0FE88D2BD}.Debug|Any CPU.Build.0 = Debug|Any CPU
		{DBB5B12C-A5A2-47EC-B0A8-EFC0FE88D2BD}.Release|Any CPU.ActiveCfg = Release|Any CPU
		{DBB5B12C-A5A2-47EC-B0A8-EFC0FE88D2BD}.Release|Any CPU.Build.0 = Release|Any CPU
	EndGlobalSection
	GlobalSection(SolutionProperties) = preSolution
		HideSolutionNode = FALSE
	EndGlobalSection
EndGlobal
